
Microsoft Visual Studio Solution File, Format Version 10.00
# Visual Studio 2008
Project("{FAE04EC0-301F-11D3-BF4B-00C04F79EFBC}") = "WebInProc35", "WebInProc35.csproj", "{E7680F28-8F3D-475A-834B-6F04E158BF66}"
EndProject
Global
	GlobalSection(SolutionConfigurationPlatforms) = preSolution
		Debug|Any CPU = Debug|Any CPU
		Release|Any CPU = Release|Any CPU
	EndGlobalSection
	GlobalSection(ProjectConfigurationPlatforms) = postSolution
		{E7680F28-8F3D-475A-834B-6F04E158BF66}.Debug|Any CPU.ActiveCfg = Debug|Any CPU
		{E7680F28-8F3D-475A-834B-6F04E158BF66}.Debug|Any CPU.Build.0 = Debug|Any CPU
		{E7680F28-8F3D-475A-834B-6F04E158BF66}.Release|Any CPU.ActiveCfg = Release|Any CPU
		{E7680F28-8F3D-475A-834B-6F04E158BF66}.Release|Any CPU.Build.0 = Release|Any CPU
	EndGlobalSection
	GlobalSection(SolutionProperties) = preSolution
		HideSolutionNode = FALSE
	EndGlobalSection
EndGlobal
